
Microsoft Visual Studio Solution File, Format Version 12.00
# Visual Studio 14
VisualStudioVersion = 14.0.23107.0
MinimumVisualStudioVersion = 10.0.40219.1
Project("{FAE04EC0-301F-11D3-BF4B-00C04F79EFBC}") = "ThinfinityTools", "ThinfinityTools\ThinfinityTools.csproj", "{B8FA8B76-B80F-4FCA-B738-9486EC4FFEB4}"
EndProject
Project("{2150E333-8FDC-42A3-9474-1A3956D46DE8}") = "UnitTests", "UnitTests", "{AC896A40-22E1-475B-BA4C-EAD5901F3628}"
EndProject
Project("{FAE04EC0-301F-11D3-BF4B-00C04F79EFBC}") = "ThinfinityTools.Tests", "UnitTests\ThinfinityTools.Tests\ThinfinityTools.Tests.csproj", "{96E0646D-7BC3-4CCA-9A5E-683DA26B57B8}"
EndProject
Project("{FAE04EC0-301F-11D3-BF4B-00C04F79EFBC}") = "ThinfinityTools.ProfileManager", "ThinfinityTools.ProfileManager\ThinfinityTools.ProfileManager.csproj", "{144112C0-A3E7-4AC5-B15B-004A5B4C74F3}"
EndProject
Global
	GlobalSection(SolutionConfigurationPlatforms) = preSolution
		Debug|Any CPU = Debug|Any CPU
		Release|Any CPU = Release|Any CPU
	EndGlobalSection
	GlobalSection(ProjectConfigurationPlatforms) = postSolution
		{B8FA8B76-B80F-4FCA-B738-9486EC4FFEB4}.Debug|Any CPU.ActiveCfg = Debug|Any CPU
		{B8FA8B76-B80F-4FCA-B738-9486EC4FFEB4}.Debug|Any CPU.Build.0 = Debug|Any CPU
		{B8FA8B76-B80F-4FCA-B738-9486EC4FFEB4}.Release|Any CPU.ActiveCfg = Release|Any CPU
		{B8FA8B76-B80F-4FCA-B738-9486EC4FFEB4}.Release|Any CPU.Build.0 = Release|Any CPU
		{96E0646D-7BC3-4CCA-9A5E-683DA26B57B8}.Debug|Any CPU.ActiveCfg = Debug|Any CPU
		{96E0646D-7BC3-4CCA-9A5E-683DA26B57B8}.Debug|Any CPU.Build.0 = Debug|Any CPU
		{96E0646D-7BC3-4CCA-9A5E-683DA26B57B8}.Release|Any CPU.ActiveCfg = Release|Any CPU
		{96E0646D-7BC3-4CCA-9A5E-683DA26B57B8}.Release|Any CPU.Build.0 = Release|Any CPU
		{144112C0-A3E7-4AC5-B15B-004A5B4C74F3}.Debug|Any CPU.ActiveCfg = Debug|Any CPU
		{144112C0-A3E7-4AC5-B15B-004A5B4C74F3}.Debug|Any CPU.Build.0 = Debug|Any CPU
		{144112C0-A3E7-4AC5-B15B-004A5B4C74F3}.Release|Any CPU.ActiveCfg = Release|Any CPU
		{144112C0-A3E7-4AC5-B15B-004A5B4C74F3}.Release|Any CPU.Build.0 = Release|Any CPU
	EndGlobalSection
	GlobalSection(SolutionProperties) = preSolution
		HideSolutionNode = FALSE
	EndGlobalSection
	GlobalSection(NestedProjects) = preSolution
		{96E0646D-7BC3-4CCA-9A5E-683DA26B57B8} = {AC896A40-22E1-475B-BA4C-EAD5901F3628}
	EndGlobalSection
EndGlobal
